// !$*UTF8*$!
{
	archiveVersion = 1;
	classes = {
	};
	objectVersion = 46;
	objects = {

/* Begin PBXBuildFile section */
		450ED1471B86171D00519C0C /* Images.xcassets in Resources */ = {isa = PBXBuildFile; fileRef = 450ED1461B86171D00519C0C /* Images.xcassets */; };
		450ED14A1B86171D00519C0C /* LaunchScreen.xib in Resources */ = {isa = PBXBuildFile; fileRef = 450ED1481B86171D00519C0C /* LaunchScreen.xib */; };
		450ED1561B86171D00519C0C /* ShooIMTests.m in Sources */ = {isa = PBXBuildFile; fileRef = 450ED1551B86171D00519C0C /* ShooIMTests.m */; };
		450ED2801B862A5800519C0C /* AppDelegate.m in Sources */ = {isa = PBXBuildFile; fileRef = 450ED2771B862A5800519C0C /* AppDelegate.m */; };
		450ED2811B862A5800519C0C /* main.m in Sources */ = {isa = PBXBuildFile; fileRef = 450ED2791B862A5800519C0C /* main.m */; };
		450ED2841B862B3000519C0C /* SAMLoginViewController.m in Sources */ = {isa = PBXBuildFile; fileRef = 450ED2831B862B3000519C0C /* SAMLoginViewController.m */; };
		450ED2861B862B4900519C0C /* SAMLoginViewController.storyboard in Resources */ = {isa = PBXBuildFile; fileRef = 450ED2851B862B4900519C0C /* SAMLoginViewController.storyboard */; };
		450ED54F1B8638D800519C0C /* UIButton+SAMExtension.m in Sources */ = {isa = PBXBuildFile; fileRef = 450ED54A1B8638D800519C0C /* UIButton+SAMExtension.m */; };
		450ED5501B8638D800519C0C /* UIImage+SAMExtension.m in Sources */ = {isa = PBXBuildFile; fileRef = 450ED54C1B8638D800519C0C /* UIImage+SAMExtension.m */; };
		450ED5511B8638D800519C0C /* UIView+SAMExtension.m in Sources */ = {isa = PBXBuildFile; fileRef = 450ED54E1B8638D800519C0C /* UIView+SAMExtension.m */; };
		450ED55A1B863AE400519C0C /* SAMGuideTool.m in Sources */ = {isa = PBXBuildFile; fileRef = 450ED5591B863AE400519C0C /* SAMGuideTool.m */; };
		450ED5611B863CF300519C0C /* SAMNavgationController.m in Sources */ = {isa = PBXBuildFile; fileRef = 450ED5601B863CF300519C0C /* SAMNavgationController.m */; };
		450ED5641B863FB700519C0C /* Foundation+Log.m in Sources */ = {isa = PBXBuildFile; fileRef = 450ED5631B863FB700519C0C /* Foundation+Log.m */; };
		450ED5681B864F1800519C0C /* SAMRegisterViewController.m in Sources */ = {isa = PBXBuildFile; fileRef = 450ED5661B864F1800519C0C /* SAMRegisterViewController.m */; };
		450ED5691B864F1800519C0C /* 備用SAMRegisterViewController.xib in Resources */ = {isa = PBXBuildFile; fileRef = 450ED5671B864F1800519C0C /* 備用SAMRegisterViewController.xib */; };
		45B0CBA11B86C78A0072E0E2 /* SAMVEATViewController.m in Sources */ = {isa = PBXBuildFile; fileRef = 45B0CB9F1B86C78A0072E0E2 /* SAMVEATViewController.m */; };
		45B0CBA21B86C78A0072E0E2 /* SAMVEATViewController.xib in Resources */ = {isa = PBXBuildFile; fileRef = 45B0CBA01B86C78A0072E0E2 /* SAMVEATViewController.xib */; };
		45B0CBA41B86CB0A0072E0E2 /* SAMRegisterViewController.xib in Resources */ = {isa = PBXBuildFile; fileRef = 45B0CBA31B86CB0A0072E0E2 /* SAMRegisterViewController.xib */; };
		45B0CBA91B8705E40072E0E2 /* Localizable.strings in Resources */ = {isa = PBXBuildFile; fileRef = 45B0CBAB1B8705E40072E0E2 /* Localizable.strings */; };
		45B0CBB81B8723E90072E0E2 /* SAMKeyboardTool.m in Sources */ = {isa = PBXBuildFile; fileRef = 45B0CBB71B8723E90072E0E2 /* SAMKeyboardTool.m */; };
		45B0CBBA1B8723F80072E0E2 /* SAMKeyboardTool.xib in Resources */ = {isa = PBXBuildFile; fileRef = 45B0CBB91B8723F80072E0E2 /* SAMKeyboardTool.xib */; };
		45B0CBBE1B8735330072E0E2 /* SAMMainViewController.m in Sources */ = {isa = PBXBuildFile; fileRef = 45B0CBBC1B8735330072E0E2 /* SAMMainViewController.m */; };
		45B0CBBF1B8735330072E0E2 /* SAMMainViewController.xib in Resources */ = {isa = PBXBuildFile; fileRef = 45B0CBBD1B8735330072E0E2 /* SAMMainViewController.xib */; };
		45B0CBC21B8771980072E0E2 /* NSString+Hash.m in Sources */ = {isa = PBXBuildFile; fileRef = 45B0CBC11B8771980072E0E2 /* NSString+Hash.m */; };
		45B0CBC41B8771A80072E0E2 /* Foundation+Log.m in Sources */ = {isa = PBXBuildFile; fileRef = 45B0CBC31B8771A80072E0E2 /* Foundation+Log.m */; };
		45B0CBCB1B8772430072E0E2 /* MBProgressHUD+SAM.m in Sources */ = {isa = PBXBuildFile; fileRef = 45B0CBC71B8772430072E0E2 /* MBProgressHUD+SAM.m */; };
		45B0CBCC1B8772430072E0E2 /* MBProgressHUD.bundle in Resources */ = {isa = PBXBuildFile; fileRef = 45B0CBC81B8772430072E0E2 /* MBProgressHUD.bundle */; };
		45B0CBCD1B8772430072E0E2 /* MBProgressHUD.m in Sources */ = {isa = PBXBuildFile; fileRef = 45B0CBCA1B8772430072E0E2 /* MBProgressHUD.m */; };
		85191B25C804D38ECD9F9EFD /* libPods.a in Frameworks */ = {isa = PBXBuildFile; fileRef = 0F204345F797B620B2D2C0AD /* libPods.a */; };
/* End PBXBuildFile section */

/* Begin PBXContainerItemProxy section */
		450ED1501B86171D00519C0C /* PBXContainerItemProxy */ = {
			isa = PBXContainerItemProxy;
			containerPortal = 450ED12E1B86171D00519C0C /* Project object */;
			proxyType = 1;
			remoteGlobalIDString = 450ED1351B86171D00519C0C;
			remoteInfo = ShooIM;
		};
/* End PBXContainerItemProxy section */

/* Begin PBXFileReference section */
		0F204345F797B620B2D2C0AD /* libPods.a */ = {isa = PBXFileReference; explicitFileType = archive.ar; includeInIndex = 0; path = libPods.a; sourceTree = BUILT_PRODUCTS_DIR; };
		450ED1361B86171D00519C0C /* ShooIM.app */ = {isa = PBXFileReference; explicitFileType = wrapper.application; includeInIndex = 0; path = ShooIM.app; sourceTree = BUILT_PRODUCTS_DIR; };
		450ED13A1B86171D00519C0C /* Info.plist */ = {isa = PBXFileReference; lastKnownFileType = text.plist.xml; path = Info.plist; sourceTree = "<group>"; };
		450ED1461B86171D00519C0C /* Images.xcassets */ = {isa = PBXFileReference; lastKnownFileType = folder.assetcatalog; path = Images.xcassets; sourceTree = "<group>"; };
		450ED1491B86171D00519C0C /* Base */ = {isa = PBXFileReference; lastKnownFileType = file.xib; name = Base; path = Base.lproj/LaunchScreen.xib; sourceTree = "<group>"; };
		450ED14F1B86171D00519C0C /* ShooIMTests.xctest */ = {isa = PBXFileReference; explicitFileType = wrapper.cfbundle; includeInIndex = 0; path = ShooIMTests.xctest; sourceTree = BUILT_PRODUCTS_DIR; };
		450ED1541B86171D00519C0C /* Info.plist */ = {isa = PBXFileReference; lastKnownFileType = text.plist.xml; path = Info.plist; sourceTree = "<group>"; };
		450ED1551B86171D00519C0C /* ShooIMTests.m */ = {isa = PBXFileReference; lastKnownFileType = sourcecode.c.objc; path = ShooIMTests.m; sourceTree = "<group>"; };
		450ED2761B862A5800519C0C /* AppDelegate.h */ = {isa = PBXFileReference; fileEncoding = 4; lastKnownFileType = sourcecode.c.h; path = AppDelegate.h; sourceTree = "<group>"; };
		450ED2771B862A5800519C0C /* AppDelegate.m */ = {isa = PBXFileReference; fileEncoding = 4; lastKnownFileType = sourcecode.c.objc; path = AppDelegate.m; sourceTree = "<group>"; };
		450ED2791B862A5800519C0C /* main.m */ = {isa = PBXFileReference; fileEncoding = 4; lastKnownFileType = sourcecode.c.objc; path = main.m; sourceTree = "<group>"; };
		450ED2821B862B3000519C0C /* SAMLoginViewController.h */ = {isa = PBXFileReference; fileEncoding = 4; lastKnownFileType = sourcecode.c.h; path = SAMLoginViewController.h; sourceTree = "<group>"; };
		450ED2831B862B3000519C0C /* SAMLoginViewController.m */ = {isa = PBXFileReference; fileEncoding = 4; lastKnownFileType = sourcecode.c.objc; path = SAMLoginViewController.m; sourceTree = "<group>"; };
		450ED2851B862B4900519C0C /* SAMLoginViewController.storyboard */ = {isa = PBXFileReference; fileEncoding = 4; lastKnownFileType = file.storyboard; path = SAMLoginViewController.storyboard; sourceTree = "<group>"; };
		450ED5491B8638D800519C0C /* UIButton+SAMExtension.h */ = {isa = PBXFileReference; fileEncoding = 4; lastKnownFileType = sourcecode.c.h; path = "UIButton+SAMExtension.h"; sourceTree = "<group>"; };
		450ED54A1B8638D800519C0C /* UIButton+SAMExtension.m */ = {isa = PBXFileReference; fileEncoding = 4; lastKnownFileType = sourcecode.c.objc; path = "UIButton+SAMExtension.m"; sourceTree = "<group>"; };
		450ED54B1B8638D800519C0C /* UIImage+SAMExtension.h */ = {isa = PBXFileReference; fileEncoding = 4; lastKnownFileType = sourcecode.c.h; path = "UIImage+SAMExtension.h"; sourceTree = "<group>"; };
		450ED54C1B8638D800519C0C /* UIImage+SAMExtension.m */ = {isa = PBXFileReference; fileEncoding = 4; lastKnownFileType = sourcecode.c.objc; path = "UIImage+SAMExtension.m"; sourceTree = "<group>"; };
		450ED54D1B8638D800519C0C /* UIView+SAMExtension.h */ = {isa = PBXFileReference; fileEncoding = 4; lastKnownFileType = sourcecode.c.h; path = "UIView+SAMExtension.h"; sourceTree = "<group>"; };
		450ED54E1B8638D800519C0C /* UIView+SAMExtension.m */ = {isa = PBXFileReference; fileEncoding = 4; lastKnownFileType = sourcecode.c.objc; path = "UIView+SAMExtension.m"; sourceTree = "<group>"; };
		450ED5581B863AE400519C0C /* SAMGuideTool.h */ = {isa = PBXFileReference; fileEncoding = 4; lastKnownFileType = sourcecode.c.h; path = SAMGuideTool.h; sourceTree = "<group>"; };
		450ED5591B863AE400519C0C /* SAMGuideTool.m */ = {isa = PBXFileReference; fileEncoding = 4; lastKnownFileType = sourcecode.c.objc; path = SAMGuideTool.m; sourceTree = "<group>"; };
		450ED55F1B863CF300519C0C /* SAMNavgationController.h */ = {isa = PBXFileReference; fileEncoding = 4; lastKnownFileType = sourcecode.c.h; path = SAMNavgationController.h; sourceTree = "<group>"; };
		450ED5601B863CF300519C0C /* SAMNavgationController.m */ = {isa = PBXFileReference; fileEncoding = 4; lastKnownFileType = sourcecode.c.objc; path = SAMNavgationController.m; sourceTree = "<group>"; };
		450ED5621B863E0100519C0C /* SAMPrefixHeader.pch */ = {isa = PBXFileReference; lastKnownFileType = sourcecode.c.h; path = SAMPrefixHeader.pch; sourceTree = "<group>"; };
		450ED5631B863FB700519C0C /* Foundation+Log.m */ = {isa = PBXFileReference; fileEncoding = 4; lastKnownFileType = sourcecode.c.objc; path = "Foundation+Log.m"; sourceTree = "<group>"; };
		450ED5651B864F1800519C0C /* SAMRegisterViewController.h */ = {isa = PBXFileReference; fileEncoding = 4; lastKnownFileType = sourcecode.c.h; path = SAMRegisterViewController.h; sourceTree = "<group>"; };
		450ED5661B864F1800519C0C /* SAMRegisterViewController.m */ = {isa = PBXFileReference; fileEncoding = 4; lastKnownFileType = sourcecode.c.objc; path = SAMRegisterViewController.m; sourceTree = "<group>"; };
		450ED5671B864F1800519C0C /* 備用SAMRegisterViewController.xib */ = {isa = PBXFileReference; fileEncoding = 4; lastKnownFileType = file.xib; path = "備用SAMRegisterViewController.xib"; sourceTree = "<group>"; };
		45B0CB9E1B86C78A0072E0E2 /* SAMVEATViewController.h */ = {isa = PBXFileReference; fileEncoding = 4; lastKnownFileType = sourcecode.c.h; path = SAMVEATViewController.h; sourceTree = "<group>"; };
		45B0CB9F1B86C78A0072E0E2 /* SAMVEATViewController.m */ = {isa = PBXFileReference; fileEncoding = 4; lastKnownFileType = sourcecode.c.objc; path = SAMVEATViewController.m; sourceTree = "<group>"; };
		45B0CBA01B86C78A0072E0E2 /* SAMVEATViewController.xib */ = {isa = PBXFileReference; fileEncoding = 4; lastKnownFileType = file.xib; path = SAMVEATViewController.xib; sourceTree = "<group>"; };
		45B0CBA31B86CB0A0072E0E2 /* SAMRegisterViewController.xib */ = {isa = PBXFileReference; fileEncoding = 4; lastKnownFileType = file.xib; path = SAMRegisterViewController.xib; sourceTree = "<group>"; };
		45B0CBAA1B8705E40072E0E2 /* en */ = {isa = PBXFileReference; lastKnownFileType = text.plist.strings; name = en; path = en.lproj/Localizable.strings; sourceTree = "<group>"; };
		45B0CBAC1B8706300072E0E2 /* zh-Hans */ = {isa = PBXFileReference; lastKnownFileType = text.plist.strings; name = "zh-Hans"; path = "zh-Hans.lproj/LaunchScreen.strings"; sourceTree = "<group>"; };
		45B0CBAD1B8706300072E0E2 /* zh-Hans */ = {isa = PBXFileReference; lastKnownFileType = text.plist.strings; name = "zh-Hans"; path = "zh-Hans.lproj/Localizable.strings"; sourceTree = "<group>"; };
		45B0CBAE1B87063A0072E0E2 /* zh-Hant */ = {isa = PBXFileReference; lastKnownFileType = text.plist.strings; name = "zh-Hant"; path = "zh-Hant.lproj/LaunchScreen.strings"; sourceTree = "<group>"; };
		45B0CBAF1B87063A0072E0E2 /* zh-Hant */ = {isa = PBXFileReference; lastKnownFileType = text.plist.strings; name = "zh-Hant"; path = "zh-Hant.lproj/Localizable.strings"; sourceTree = "<group>"; };
		45B0CBB61B8723E90072E0E2 /* SAMKeyboardTool.h */ = {isa = PBXFileReference; fileEncoding = 4; lastKnownFileType = sourcecode.c.h; path = SAMKeyboardTool.h; sourceTree = "<group>"; };
		45B0CBB71B8723E90072E0E2 /* SAMKeyboardTool.m */ = {isa = PBXFileReference; fileEncoding = 4; lastKnownFileType = sourcecode.c.objc; path = SAMKeyboardTool.m; sourceTree = "<group>"; };
		45B0CBB91B8723F80072E0E2 /* SAMKeyboardTool.xib */ = {isa = PBXFileReference; fileEncoding = 4; lastKnownFileType = file.xib; path = SAMKeyboardTool.xib; sourceTree = "<group>"; };
		45B0CBBB1B8735330072E0E2 /* SAMMainViewController.h */ = {isa = PBXFileReference; fileEncoding = 4; lastKnownFileType = sourcecode.c.h; path = SAMMainViewController.h; sourceTree = "<group>"; };
		45B0CBBC1B8735330072E0E2 /* SAMMainViewController.m */ = {isa = PBXFileReference; fileEncoding = 4; lastKnownFileType = sourcecode.c.objc; path = SAMMainViewController.m; sourceTree = "<group>"; };
		45B0CBBD1B8735330072E0E2 /* SAMMainViewController.xib */ = {isa = PBXFileReference; fileEncoding = 4; lastKnownFileType = file.xib; path = SAMMainViewController.xib; sourceTree = "<group>"; };
		45B0CBC01B8771980072E0E2 /* NSString+Hash.h */ = {isa = PBXFileReference; fileEncoding = 4; lastKnownFileType = sourcecode.c.h; path = "NSString+Hash.h"; sourceTree = "<group>"; };
		45B0CBC11B8771980072E0E2 /* NSString+Hash.m */ = {isa = PBXFileReference; fileEncoding = 4; lastKnownFileType = sourcecode.c.objc; path = "NSString+Hash.m"; sourceTree = "<group>"; };
		45B0CBC31B8771A80072E0E2 /* Foundation+Log.m */ = {isa = PBXFileReference; fileEncoding = 4; lastKnownFileType = sourcecode.c.objc; path = "Foundation+Log.m"; sourceTree = "<group>"; };
		45B0CBC61B8772430072E0E2 /* MBProgressHUD+SAM.h */ = {isa = PBXFileReference; fileEncoding = 4; lastKnownFileType = sourcecode.c.h; path = "MBProgressHUD+SAM.h"; sourceTree = "<group>"; };
		45B0CBC71B8772430072E0E2 /* MBProgressHUD+SAM.m */ = {isa = PBXFileReference; fileEncoding = 4; lastKnownFileType = sourcecode.c.objc; path = "MBProgressHUD+SAM.m"; sourceTree = "<group>"; };
		45B0CBC81B8772430072E0E2 /* MBProgressHUD.bundle */ = {isa = PBXFileReference; lastKnownFileType = "wrapper.plug-in"; path = MBProgressHUD.bundle; sourceTree = "<group>"; };
		45B0CBC91B8772430072E0E2 /* MBProgressHUD.h */ = {isa = PBXFileReference; fileEncoding = 4; lastKnownFileType = sourcecode.c.h; path = MBProgressHUD.h; sourceTree = "<group>"; };
		45B0CBCA1B8772430072E0E2 /* MBProgressHUD.m */ = {isa = PBXFileReference; fileEncoding = 4; lastKnownFileType = sourcecode.c.objc; path = MBProgressHUD.m; sourceTree = "<group>"; };
		687AA2AF34C3769D2D53ED3A /* Pods.debug.xcconfig */ = {isa = PBXFileReference; includeInIndex = 1; lastKnownFileType = text.xcconfig; name = Pods.debug.xcconfig; path = "Pods/Target Support Files/Pods/Pods.debug.xcconfig"; sourceTree = "<group>"; };
		F78B3D547032E4659E7F97B6 /* Pods.release.xcconfig */ = {isa = PBXFileReference; includeInIndex = 1; lastKnownFileType = text.xcconfig; name = Pods.release.xcconfig; path = "Pods/Target Support Files/Pods/Pods.release.xcconfig"; sourceTree = "<group>"; };
/* End PBXFileReference section */

/* Begin PBXFrameworksBuildPhase section */
		450ED1331B86171D00519C0C /* Frameworks */ = {
			isa = PBXFrameworksBuildPhase;
			buildActionMask = 2147483647;
			files = (
				85191B25C804D38ECD9F9EFD /* libPods.a in Frameworks */,
			);
			runOnlyForDeploymentPostprocessing = 0;
		};
		450ED14C1B86171D00519C0C /* Frameworks */ = {
			isa = PBXFrameworksBuildPhase;
			buildActionMask = 2147483647;
			files = (
			);
			runOnlyForDeploymentPostprocessing = 0;
		};
/* End PBXFrameworksBuildPhase section */

/* Begin PBXGroup section */
		450ED12D1B86171D00519C0C = {
			isa = PBXGroup;
			children = (
				450ED1381B86171D00519C0C /* ShooIM */,
				450ED1521B86171D00519C0C /* ShooIMTests */,
				450ED1371B86171D00519C0C /* Products */,
				53F246BD97BD459EF00157B9 /* Pods */,
				F32884FA919CE92182E3C072 /* Frameworks */,
			);
			sourceTree = "<group>";
		};
		450ED1371B86171D00519C0C /* Products */ = {
			isa = PBXGroup;
			children = (
				450ED1361B86171D00519C0C /* ShooIM.app */,
				450ED14F1B86171D00519C0C /* ShooIMTests.xctest */,
			);
			name = Products;
			sourceTree = "<group>";
		};
		450ED1381B86171D00519C0C /* ShooIM */ = {
			isa = PBXGroup;
			children = (
				450ED24A1B862A5800519C0C /* classes */,
				450ED1461B86171D00519C0C /* Images.xcassets */,
				450ED1481B86171D00519C0C /* LaunchScreen.xib */,
				450ED1391B86171D00519C0C /* Supporting Files */,
			);
			path = ShooIM;
			sourceTree = "<group>";
		};
		450ED1391B86171D00519C0C /* Supporting Files */ = {
			isa = PBXGroup;
			children = (
				450ED13A1B86171D00519C0C /* Info.plist */,
			);
			name = "Supporting Files";
			sourceTree = "<group>";
		};
		450ED1521B86171D00519C0C /* ShooIMTests */ = {
			isa = PBXGroup;
			children = (
				450ED1551B86171D00519C0C /* ShooIMTests.m */,
				450ED1531B86171D00519C0C /* Supporting Files */,
			);
			path = ShooIMTests;
			sourceTree = "<group>";
		};
		450ED1531B86171D00519C0C /* Supporting Files */ = {
			isa = PBXGroup;
			children = (
				450ED1541B86171D00519C0C /* Info.plist */,
			);
			name = "Supporting Files";
			sourceTree = "<group>";
		};
		450ED24A1B862A5800519C0C /* classes */ = {
			isa = PBXGroup;
			children = (
				450ED55B1B863CCF00519C0C /* Nav */,
				450ED5521B86399C00519C0C /* Tools */,
				450ED24C1B862A5800519C0C /* Login */,
				450ED24B1B862A5800519C0C /* lib */,
				450ED2501B862A5800519C0C /* Main */,
				450ED27C1B862A5800519C0C /* register */,
				450ED2751B862A5800519C0C /* Other */,
			);
			path = classes;
			sourceTree = "<group>";
		};
		450ED24B1B862A5800519C0C /* lib */ = {
			isa = PBXGroup;
			children = (
				45B0CBC51B8772430072E0E2 /* MBProgressHUD */,
			);
			path = lib;
			sourceTree = "<group>";
		};
		450ED24C1B862A5800519C0C /* Login */ = {
			isa = PBXGroup;
			children = (
				450ED24D1B862A5800519C0C /* Controller */,
				450ED24E1B862A5800519C0C /* Model */,
				450ED24F1B862A5800519C0C /* View */,
			);
			path = Login;
			sourceTree = "<group>";
		};
		450ED24D1B862A5800519C0C /* Controller */ = {
			isa = PBXGroup;
			children = (
				450ED2821B862B3000519C0C /* SAMLoginViewController.h */,
				450ED2831B862B3000519C0C /* SAMLoginViewController.m */,
				450ED2851B862B4900519C0C /* SAMLoginViewController.storyboard */,
			);
			path = Controller;
			sourceTree = "<group>";
		};
		450ED24E1B862A5800519C0C /* Model */ = {
			isa = PBXGroup;
			children = (
			);
			path = Model;
			sourceTree = "<group>";
		};
		450ED24F1B862A5800519C0C /* View */ = {
			isa = PBXGroup;
			children = (
			);
			path = View;
			sourceTree = "<group>";
		};
		450ED2501B862A5800519C0C /* Main */ = {
			isa = PBXGroup;
			children = (
				450ED2511B862A5800519C0C /* AddFriend */,
				450ED2551B862A5800519C0C /* Friend */,
				450ED2591B862A5800519C0C /* Group */,
				450ED25D1B862A5800519C0C /* Map */,
				450ED2611B862A5800519C0C /* Message */,
				450ED2651B862A5800519C0C /* OfficialAccount */,
				450ED2691B862A5800519C0C /* Setting */,
				450ED26D1B862A5800519C0C /* SHOONotice */,
				450ED2711B862A5800519C0C /* Shop */,
				45B0CBBB1B8735330072E0E2 /* SAMMainViewController.h */,
				45B0CBBC1B8735330072E0E2 /* SAMMainViewController.m */,
				45B0CBBD1B8735330072E0E2 /* SAMMainViewController.xib */,
			);
			path = Main;
			sourceTree = "<group>";
		};
		450ED2511B862A5800519C0C /* AddFriend */ = {
			isa = PBXGroup;
			children = (
				450ED2521B862A5800519C0C /* Controller */,
				450ED2531B862A5800519C0C /* Model */,
				450ED2541B862A5800519C0C /* View */,
			);
			path = AddFriend;
			sourceTree = "<group>";
		};
		450ED2521B862A5800519C0C /* Controller */ = {
			isa = PBXGroup;
			children = (
			);
			path = Controller;
			sourceTree = "<group>";
		};
		450ED2531B862A5800519C0C /* Model */ = {
			isa = PBXGroup;
			children = (
			);
			path = Model;
			sourceTree = "<group>";
		};
		450ED2541B862A5800519C0C /* View */ = {
			isa = PBXGroup;
			children = (
			);
			path = View;
			sourceTree = "<group>";
		};
		450ED2551B862A5800519C0C /* Friend */ = {
			isa = PBXGroup;
			children = (
				450ED2561B862A5800519C0C /* Controller */,
				450ED2571B862A5800519C0C /* Model */,
				450ED2581B862A5800519C0C /* View */,
			);
			path = Friend;
			sourceTree = "<group>";
		};
		450ED2561B862A5800519C0C /* Controller */ = {
			isa = PBXGroup;
			children = (
			);
			path = Controller;
			sourceTree = "<group>";
		};
		450ED2571B862A5800519C0C /* Model */ = {
			isa = PBXGroup;
			children = (
			);
			path = Model;
			sourceTree = "<group>";
		};
		450ED2581B862A5800519C0C /* View */ = {
			isa = PBXGroup;
			children = (
			);
			path = View;
			sourceTree = "<group>";
		};
		450ED2591B862A5800519C0C /* Group */ = {
			isa = PBXGroup;
			children = (
				450ED25A1B862A5800519C0C /* Controller */,
				450ED25B1B862A5800519C0C /* Model */,
				450ED25C1B862A5800519C0C /* View */,
			);
			path = Group;
			sourceTree = "<group>";
		};
		450ED25A1B862A5800519C0C /* Controller */ = {
			isa = PBXGroup;
			children = (
			);
			path = Controller;
			sourceTree = "<group>";
		};
		450ED25B1B862A5800519C0C /* Model */ = {
			isa = PBXGroup;
			children = (
			);
			path = Model;
			sourceTree = "<group>";
		};
		450ED25C1B862A5800519C0C /* View */ = {
			isa = PBXGroup;
			children = (
			);
			path = View;
			sourceTree = "<group>";
		};
		450ED25D1B862A5800519C0C /* Map */ = {
			isa = PBXGroup;
			children = (
				450ED25E1B862A5800519C0C /* Controller */,
				450ED25F1B862A5800519C0C /* Model */,
				450ED2601B862A5800519C0C /* View */,
			);
			path = Map;
			sourceTree = "<group>";
		};
		450ED25E1B862A5800519C0C /* Controller */ = {
			isa = PBXGroup;
			children = (
			);
			path = Controller;
			sourceTree = "<group>";
		};
		450ED25F1B862A5800519C0C /* Model */ = {
			isa = PBXGroup;
			children = (
			);
			path = Model;
			sourceTree = "<group>";
		};
		450ED2601B862A5800519C0C /* View */ = {
			isa = PBXGroup;
			children = (
			);
			path = View;
			sourceTree = "<group>";
		};
		450ED2611B862A5800519C0C /* Message */ = {
			isa = PBXGroup;
			children = (
				450ED2621B862A5800519C0C /* Controller */,
				450ED2631B862A5800519C0C /* Model */,
				450ED2641B862A5800519C0C /* View */,
			);
			path = Message;
			sourceTree = "<group>";
		};
		450ED2621B862A5800519C0C /* Controller */ = {
			isa = PBXGroup;
			children = (
			);
			path = Controller;
			sourceTree = "<group>";
		};
		450ED2631B862A5800519C0C /* Model */ = {
			isa = PBXGroup;
			children = (
			);
			path = Model;
			sourceTree = "<group>";
		};
		450ED2641B862A5800519C0C /* View */ = {
			isa = PBXGroup;
			children = (
			);
			path = View;
			sourceTree = "<group>";
		};
		450ED2651B862A5800519C0C /* OfficialAccount */ = {
			isa = PBXGroup;
			children = (
				450ED2661B862A5800519C0C /* Controller */,
				450ED2671B862A5800519C0C /* Model */,
				450ED2681B862A5800519C0C /* View */,
			);
			path = OfficialAccount;
			sourceTree = "<group>";
		};
		450ED2661B862A5800519C0C /* Controller */ = {
			isa = PBXGroup;
			children = (
			);
			path = Controller;
			sourceTree = "<group>";
		};
		450ED2671B862A5800519C0C /* Model */ = {
			isa = PBXGroup;
			children = (
			);
			path = Model;
			sourceTree = "<group>";
		};
		450ED2681B862A5800519C0C /* View */ = {
			isa = PBXGroup;
			children = (
			);
			path = View;
			sourceTree = "<group>";
		};
		450ED2691B862A5800519C0C /* Setting */ = {
			isa = PBXGroup;
			children = (
				450ED26A1B862A5800519C0C /* Controller */,
				450ED26B1B862A5800519C0C /* Model */,
				450ED26C1B862A5800519C0C /* View */,
			);
			path = Setting;
			sourceTree = "<group>";
		};
		450ED26A1B862A5800519C0C /* Controller */ = {
			isa = PBXGroup;
			children = (
			);
			path = Controller;
			sourceTree = "<group>";
		};
		450ED26B1B862A5800519C0C /* Model */ = {
			isa = PBXGroup;
			children = (
			);
			path = Model;
			sourceTree = "<group>";
		};
		450ED26C1B862A5800519C0C /* View */ = {
			isa = PBXGroup;
			children = (
			);
			path = View;
			sourceTree = "<group>";
		};
		450ED26D1B862A5800519C0C /* SHOONotice */ = {
			isa = PBXGroup;
			children = (
				450ED26E1B862A5800519C0C /* Controller */,
				450ED26F1B862A5800519C0C /* Model */,
				450ED2701B862A5800519C0C /* View */,
			);
			path = SHOONotice;
			sourceTree = "<group>";
		};
		450ED26E1B862A5800519C0C /* Controller */ = {
			isa = PBXGroup;
			children = (
			);
			path = Controller;
			sourceTree = "<group>";
		};
		450ED26F1B862A5800519C0C /* Model */ = {
			isa = PBXGroup;
			children = (
			);
			path = Model;
			sourceTree = "<group>";
		};
		450ED2701B862A5800519C0C /* View */ = {
			isa = PBXGroup;
			children = (
			);
			path = View;
			sourceTree = "<group>";
		};
		450ED2711B862A5800519C0C /* Shop */ = {
			isa = PBXGroup;
			children = (
				450ED2721B862A5800519C0C /* Controller */,
				450ED2731B862A5800519C0C /* Model */,
				450ED2741B862A5800519C0C /* View */,
			);
			path = Shop;
			sourceTree = "<group>";
		};
		450ED2721B862A5800519C0C /* Controller */ = {
			isa = PBXGroup;
			children = (
			);
			path = Controller;
			sourceTree = "<group>";
		};
		450ED2731B862A5800519C0C /* Model */ = {
			isa = PBXGroup;
			children = (
			);
			path = Model;
			sourceTree = "<group>";
		};
		450ED2741B862A5800519C0C /* View */ = {
			isa = PBXGroup;
			children = (
			);
			path = View;
			sourceTree = "<group>";
		};
		450ED2751B862A5800519C0C /* Other */ = {
			isa = PBXGroup;
			children = (
				450ED5481B8638D800519C0C /* Category */,
				450ED2761B862A5800519C0C /* AppDelegate.h */,
				450ED2771B862A5800519C0C /* AppDelegate.m */,
				450ED2791B862A5800519C0C /* main.m */,
				450ED5631B863FB700519C0C /* Foundation+Log.m */,
				450ED5621B863E0100519C0C /* SAMPrefixHeader.pch */,
				45B0CBAB1B8705E40072E0E2 /* Localizable.strings */,
			);
			path = Other;
			sourceTree = "<group>";
		};
		450ED27C1B862A5800519C0C /* register */ = {
			isa = PBXGroup;
			children = (
				450ED27D1B862A5800519C0C /* Controller */,
				450ED27E1B862A5800519C0C /* Model */,
				450ED27F1B862A5800519C0C /* View */,
			);
			path = register;
			sourceTree = "<group>";
		};
		450ED27D1B862A5800519C0C /* Controller */ = {
			isa = PBXGroup;
			children = (
				450ED5651B864F1800519C0C /* SAMRegisterViewController.h */,
				450ED5661B864F1800519C0C /* SAMRegisterViewController.m */,
				45B0CBA31B86CB0A0072E0E2 /* SAMRegisterViewController.xib */,
				45B0CB9E1B86C78A0072E0E2 /* SAMVEATViewController.h */,
				45B0CB9F1B86C78A0072E0E2 /* SAMVEATViewController.m */,
				45B0CBA01B86C78A0072E0E2 /* SAMVEATViewController.xib */,
				450ED5671B864F1800519C0C /* 備用SAMRegisterViewController.xib */,
			);
			path = Controller;
			sourceTree = "<group>";
		};
		450ED27E1B862A5800519C0C /* Model */ = {
			isa = PBXGroup;
			children = (
			);
			path = Model;
			sourceTree = "<group>";
		};
		450ED27F1B862A5800519C0C /* View */ = {
			isa = PBXGroup;
			children = (
			);
			path = View;
			sourceTree = "<group>";
		};
		450ED5481B8638D800519C0C /* Category */ = {
			isa = PBXGroup;
			children = (
				45B0CBC31B8771A80072E0E2 /* Foundation+Log.m */,
				45B0CBC01B8771980072E0E2 /* NSString+Hash.h */,
				45B0CBC11B8771980072E0E2 /* NSString+Hash.m */,
				450ED5491B8638D800519C0C /* UIButton+SAMExtension.h */,
				450ED54A1B8638D800519C0C /* UIButton+SAMExtension.m */,
				450ED54B1B8638D800519C0C /* UIImage+SAMExtension.h */,
				450ED54C1B8638D800519C0C /* UIImage+SAMExtension.m */,
				450ED54D1B8638D800519C0C /* UIView+SAMExtension.h */,
				450ED54E1B8638D800519C0C /* UIView+SAMExtension.m */,
			);
			path = Category;
			sourceTree = "<group>";
		};
		450ED5521B86399C00519C0C /* Tools */ = {
			isa = PBXGroup;
			children = (
				45B0CBB21B87167F0072E0E2 /* keyboard */,
				450ED5561B863A3300519C0C /* Guide */,
				450ED5571B863A3300519C0C /* Save */,
			);
			path = Tools;
			sourceTree = "<group>";
		};
		450ED5561B863A3300519C0C /* Guide */ = {
			isa = PBXGroup;
			children = (
				450ED5581B863AE400519C0C /* SAMGuideTool.h */,
				450ED5591B863AE400519C0C /* SAMGuideTool.m */,
			);
			path = Guide;
			sourceTree = "<group>";
		};
		450ED5571B863A3300519C0C /* Save */ = {
			isa = PBXGroup;
			children = (
			);
			path = Save;
			sourceTree = "<group>";
		};
		450ED55B1B863CCF00519C0C /* Nav */ = {
			isa = PBXGroup;
			children = (
				450ED55C1B863CCF00519C0C /* Controller */,
				450ED55D1B863CCF00519C0C /* Model */,
				450ED55E1B863CCF00519C0C /* View */,
			);
			path = Nav;
			sourceTree = "<group>";
		};
		450ED55C1B863CCF00519C0C /* Controller */ = {
			isa = PBXGroup;
			children = (
				450ED55F1B863CF300519C0C /* SAMNavgationController.h */,
				450ED5601B863CF300519C0C /* SAMNavgationController.m */,
			);
			path = Controller;
			sourceTree = "<group>";
		};
		450ED55D1B863CCF00519C0C /* Model */ = {
			isa = PBXGroup;
			children = (
			);
			path = Model;
			sourceTree = "<group>";
		};
		450ED55E1B863CCF00519C0C /* View */ = {
			isa = PBXGroup;
			children = (
			);
			path = View;
			sourceTree = "<group>";
		};
		45B0CBB21B87167F0072E0E2 /* keyboard */ = {
			isa = PBXGroup;
			children = (
				45B0CBB61B8723E90072E0E2 /* SAMKeyboardTool.h */,
				45B0CBB71B8723E90072E0E2 /* SAMKeyboardTool.m */,
				45B0CBB91B8723F80072E0E2 /* SAMKeyboardTool.xib */,
			);
			path = keyboard;
			sourceTree = "<group>";
		};
		45B0CBC51B8772430072E0E2 /* MBProgressHUD */ = {
			isa = PBXGroup;
			children = (
				45B0CBC61B8772430072E0E2 /* MBProgressHUD+SAM.h */,
				45B0CBC71B8772430072E0E2 /* MBProgressHUD+SAM.m */,
				45B0CBC81B8772430072E0E2 /* MBProgressHUD.bundle */,
				45B0CBC91B8772430072E0E2 /* MBProgressHUD.h */,
				45B0CBCA1B8772430072E0E2 /* MBProgressHUD.m */,
			);
			name = MBProgressHUD;
			path = ../Other/Category/MBProgressHUD;
			sourceTree = "<group>";
		};
		53F246BD97BD459EF00157B9 /* Pods */ = {
			isa = PBXGroup;
			children = (
				687AA2AF34C3769D2D53ED3A /* Pods.debug.xcconfig */,
				F78B3D547032E4659E7F97B6 /* Pods.release.xcconfig */,
			);
			name = Pods;
			sourceTree = "<group>";
		};
		F32884FA919CE92182E3C072 /* Frameworks */ = {
			isa = PBXGroup;
			children = (
				0F204345F797B620B2D2C0AD /* libPods.a */,
			);
			name = Frameworks;
			sourceTree = "<group>";
		};
/* End PBXGroup section */

/* Begin PBXNativeTarget section */
		450ED1351B86171D00519C0C /* ShooIM */ = {
			isa = PBXNativeTarget;
			buildConfigurationList = 450ED1591B86171D00519C0C /* Build configuration list for PBXNativeTarget "ShooIM" */;
			buildPhases = (
				96BAA677879B80798AB4FD47 /* Check Pods Manifest.lock */,
				450ED1321B86171D00519C0C /* Sources */,
				450ED1331B86171D00519C0C /* Frameworks */,
				450ED1341B86171D00519C0C /* Resources */,
				B098A696671676F49A6D5DD7 /* Copy Pods Resources */,
			);
			buildRules = (
			);
			dependencies = (
			);
			name = ShooIM;
			productName = ShooIM;
			productReference = 450ED1361B86171D00519C0C /* ShooIM.app */;
			productType = "com.apple.product-type.application";
		};
		450ED14E1B86171D00519C0C /* ShooIMTests */ = {
			isa = PBXNativeTarget;
			buildConfigurationList = 450ED15C1B86171D00519C0C /* Build configuration list for PBXNativeTarget "ShooIMTests" */;
			buildPhases = (
				450ED14B1B86171D00519C0C /* Sources */,
				450ED14C1B86171D00519C0C /* Frameworks */,
				450ED14D1B86171D00519C0C /* Resources */,
			);
			buildRules = (
			);
			dependencies = (
				450ED1511B86171D00519C0C /* PBXTargetDependency */,
			);
			name = ShooIMTests;
			productName = ShooIMTests;
			productReference = 450ED14F1B86171D00519C0C /* ShooIMTests.xctest */;
			productType = "com.apple.product-type.bundle.unit-test";
		};
/* End PBXNativeTarget section */

/* Begin PBXProject section */
		450ED12E1B86171D00519C0C /* Project object */ = {
			isa = PBXProject;
			attributes = {
				CLASSPREFIX = SAM;
				LastUpgradeCheck = 0640;
				ORGANIZATIONNAME = samyang;
				TargetAttributes = {
					450ED1351B86171D00519C0C = {
						CreatedOnToolsVersion = 6.4;
					};
					450ED14E1B86171D00519C0C = {
						CreatedOnToolsVersion = 6.4;
						TestTargetID = 450ED1351B86171D00519C0C;
					};
				};
			};
			buildConfigurationList = 450ED1311B86171D00519C0C /* Build configuration list for PBXProject "ShooIM" */;
			compatibilityVersion = "Xcode 3.2";
			developmentRegion = English;
			hasScannedForEncodings = 0;
			knownRegions = (
				en,
				Base,
				"zh-Hans",
				"zh-Hant",
			);
			mainGroup = 450ED12D1B86171D00519C0C;
			productRefGroup = 450ED1371B86171D00519C0C /* Products */;
			projectDirPath = "";
			projectRoot = "";
			targets = (
				450ED1351B86171D00519C0C /* ShooIM */,
				450ED14E1B86171D00519C0C /* ShooIMTests */,
			);
		};
/* End PBXProject section */

/* Begin PBXResourcesBuildPhase section */
		450ED1341B86171D00519C0C /* Resources */ = {
			isa = PBXResourcesBuildPhase;
			buildActionMask = 2147483647;
			files = (
				450ED14A1B86171D00519C0C /* LaunchScreen.xib in Resources */,
				45B0CBA41B86CB0A0072E0E2 /* SAMRegisterViewController.xib in Resources */,
				450ED1471B86171D00519C0C /* Images.xcassets in Resources */,
				45B0CBBF1B8735330072E0E2 /* SAMMainViewController.xib in Resources */,
				45B0CBA91B8705E40072E0E2 /* Localizable.strings in Resources */,
				45B0CBBA1B8723F80072E0E2 /* SAMKeyboardTool.xib in Resources */,
				450ED5691B864F1800519C0C /* 備用SAMRegisterViewController.xib in Resources */,
				45B0CBCC1B8772430072E0E2 /* MBProgressHUD.bundle in Resources */,
				45B0CBA21B86C78A0072E0E2 /* SAMVEATViewController.xib in Resources */,
				450ED2861B862B4900519C0C /* SAMLoginViewController.storyboard in Resources */,
			);
			runOnlyForDeploymentPostprocessing = 0;
		};
		450ED14D1B86171D00519C0C /* Resources */ = {
			isa = PBXResourcesBuildPhase;
			buildActionMask = 2147483647;
			files = (
			);
			runOnlyForDeploymentPostprocessing = 0;
		};
/* End PBXResourcesBuildPhase section */

/* Begin PBXShellScriptBuildPhase section */
		96BAA677879B80798AB4FD47 /* Check Pods Manifest.lock */ = {
			isa = PBXShellScriptBuildPhase;
			buildActionMask = 2147483647;
			files = (
			);
			inputPaths = (
			);
			name = "Check Pods Manifest.lock";
			outputPaths = (
			);
			runOnlyForDeploymentPostprocessing = 0;
			shellPath = /bin/sh;
			shellScript = "diff \"${PODS_ROOT}/../Podfile.lock\" \"${PODS_ROOT}/Manifest.lock\" > /dev/null\nif [[ $? != 0 ]] ; then\n    cat << EOM\nerror: The sandbox is not in sync with the Podfile.lock. Run 'pod install' or update your CocoaPods installation.\nEOM\n    exit 1\nfi\n";
			showEnvVarsInLog = 0;
		};
		B098A696671676F49A6D5DD7 /* Copy Pods Resources */ = {
			isa = PBXShellScriptBuildPhase;
			buildActionMask = 2147483647;
			files = (
			);
			inputPaths = (
			);
			name = "Copy Pods Resources";
			outputPaths = (
			);
			runOnlyForDeploymentPostprocessing = 0;
			shellPath = /bin/sh;
			shellScript = "\"${SRCROOT}/Pods/Target Support Files/Pods/Pods-resources.sh\"\n";
			showEnvVarsInLog = 0;
		};
/* End PBXShellScriptBuildPhase section */

/* Begin PBXSourcesBuildPhase section */
		450ED1321B86171D00519C0C /* Sources */ = {
			isa = PBXSourcesBuildPhase;
			buildActionMask = 2147483647;
			files = (
				45B0CBB81B8723E90072E0E2 /* SAMKeyboardTool.m in Sources */,
				45B0CBA11B86C78A0072E0E2 /* SAMVEATViewController.m in Sources */,
				450ED5501B8638D800519C0C /* UIImage+SAMExtension.m in Sources */,
				45B0CBBE1B8735330072E0E2 /* SAMMainViewController.m in Sources */,
				450ED2841B862B3000519C0C /* SAMLoginViewController.m in Sources */,
				450ED54F1B8638D800519C0C /* UIButton+SAMExtension.m in Sources */,
				450ED5681B864F1800519C0C /* SAMRegisterViewController.m in Sources */,
				45B0CBCD1B8772430072E0E2 /* MBProgressHUD.m in Sources */,
				45B0CBC21B8771980072E0E2 /* NSString+Hash.m in Sources */,
				450ED55A1B863AE400519C0C /* SAMGuideTool.m in Sources */,
				450ED2801B862A5800519C0C /* AppDelegate.m in Sources */,
				450ED5641B863FB700519C0C /* Foundation+Log.m in Sources */,
				45B0CBC41B8771A80072E0E2 /* Foundation+Log.m in Sources */,
				450ED5511B8638D800519C0C /* UIView+SAMExtension.m in Sources */,
				450ED2811B862A5800519C0C /* main.m in Sources */,
				450ED5611B863CF300519C0C /* SAMNavgationController.m in Sources */,
				45B0CBCB1B8772430072E0E2 /* MBProgressHUD+SAM.m in Sources */,
			);
			runOnlyForDeploymentPostprocessing = 0;
		};
		450ED14B1B86171D00519C0C /* Sources */ = {
			isa = PBXSourcesBuildPhase;
			buildActionMask = 2147483647;
			files = (
				450ED1561B86171D00519C0C /* ShooIMTests.m in Sources */,
			);
			runOnlyForDeploymentPostprocessing = 0;
		};
/* End PBXSourcesBuildPhase section */

/* Begin PBXTargetDependency section */
		450ED1511B86171D00519C0C /* PBXTargetDependency */ = {
			isa = PBXTargetDependency;
			target = 450ED1351B86171D00519C0C /* ShooIM */;
			targetProxy = 450ED1501B86171D00519C0C /* PBXContainerItemProxy */;
		};
/* End PBXTargetDependency section */

/* Begin PBXVariantGroup section */
		450ED1481B86171D00519C0C /* LaunchScreen.xib */ = {
			isa = PBXVariantGroup;
			children = (
				450ED1491B86171D00519C0C /* Base */,
				45B0CBAC1B8706300072E0E2 /* zh-Hans */,
				45B0CBAE1B87063A0072E0E2 /* zh-Hant */,
			);
			name = LaunchScreen.xib;
			sourceTree = "<group>";
		};
		45B0CBAB1B8705E40072E0E2 /* Localizable.strings */ = {
			isa = PBXVariantGroup;
			children = (
				45B0CBAA1B8705E40072E0E2 /* en */,
				45B0CBAD1B8706300072E0E2 /* zh-Hans */,
				45B0CBAF1B87063A0072E0E2 /* zh-Hant */,
			);
			name = Localizable.strings;
			sourceTree = "<group>";
		};
/* End PBXVariantGroup section */

/* Begin XCBuildConfiguration section */
		450ED1571B86171D00519C0C /* Debug */ = {
			isa = XCBuildConfiguration;
			buildSettings = {
				ALWAYS_SEARCH_USER_PATHS = NO;
				CLANG_CXX_LANGUAGE_STANDARD = "gnu++0x";
				CLANG_CXX_LIBRARY = "libc++";
				CLANG_ENABLE_MODULES = YES;
				CLANG_ENABLE_OBJC_ARC = YES;
				CLANG_WARN_BOOL_CONVERSION = YES;
				CLANG_WARN_CONSTANT_CONVERSION = YES;
				CLANG_WARN_DIRECT_OBJC_ISA_USAGE = YES_ERROR;
				CLANG_WARN_EMPTY_BODY = YES;
				CLANG_WARN_ENUM_CONVERSION = YES;
				CLANG_WARN_INT_CONVERSION = YES;
				CLANG_WARN_OBJC_ROOT_CLASS = YES_ERROR;
				CLANG_WARN_UNREACHABLE_CODE = YES;
				CLANG_WARN__DUPLICATE_METHOD_MATCH = YES;
				"CODE_SIGN_IDENTITY[sdk=iphoneos*]" = "iPhone Developer";
				COPY_PHASE_STRIP = NO;
				DEBUG_INFORMATION_FORMAT = "dwarf-with-dsym";
				ENABLE_STRICT_OBJC_MSGSEND = YES;
				GCC_C_LANGUAGE_STANDARD = gnu99;
				GCC_DYNAMIC_NO_PIC = NO;
				GCC_NO_COMMON_BLOCKS = YES;
				GCC_OPTIMIZATION_LEVEL = 0;
				GCC_PREPROCESSOR_DEFINITIONS = (
					"DEBUG=1",
					"$(inherited)",
				);
				GCC_SYMBOLS_PRIVATE_EXTERN = NO;
				GCC_WARN_64_TO_32_BIT_CONVERSION = YES;
				GCC_WARN_ABOUT_RETURN_TYPE = YES_ERROR;
				GCC_WARN_UNDECLARED_SELECTOR = YES;
				GCC_WARN_UNINITIALIZED_AUTOS = YES_AGGRESSIVE;
				GCC_WARN_UNUSED_FUNCTION = YES;
				GCC_WARN_UNUSED_VARIABLE = YES;
				IPHONEOS_DEPLOYMENT_TARGET = 8.4;
				MTL_ENABLE_DEBUG_INFO = YES;
				ONLY_ACTIVE_ARCH = YES;
				SDKROOT = iphoneos;
			};
			name = Debug;
		};
		450ED1581B86171D00519C0C /* Release */ = {
			isa = XCBuildConfiguration;
			buildSettings = {
				ALWAYS_SEARCH_USER_PATHS = NO;
				CLANG_CXX_LANGUAGE_STANDARD = "gnu++0x";
				CLANG_CXX_LIBRARY = "libc++";
				CLANG_ENABLE_MODULES = YES;
				CLANG_ENABLE_OBJC_ARC = YES;
				CLANG_WARN_BOOL_CONVERSION = YES;
				CLANG_WARN_CONSTANT_CONVERSION = YES;
				CLANG_WARN_DIRECT_OBJC_ISA_USAGE = YES_ERROR;
				CLANG_WARN_EMPTY_BODY = YES;
				CLANG_WARN_ENUM_CONVERSION = YES;
				CLANG_WARN_INT_CONVERSION = YES;
				CLANG_WARN_OBJC_ROOT_CLASS = YES_ERROR;
				CLANG_WARN_UNREACHABLE_CODE = YES;
				CLANG_WARN__DUPLICATE_METHOD_MATCH = YES;
				"CODE_SIGN_IDENTITY[sdk=iphoneos*]" = "iPhone Developer";
				COPY_PHASE_STRIP = NO;
				DEBUG_INFORMATION_FORMAT = "dwarf-with-dsym";
				ENABLE_NS_ASSERTIONS = NO;
				ENABLE_STRICT_OBJC_MSGSEND = YES;
				GCC_C_LANGUAGE_STANDARD = gnu99;
				GCC_NO_COMMON_BLOCKS = YES;
				GCC_WARN_64_TO_32_BIT_CONVERSION = YES;
				GCC_WARN_ABOUT_RETURN_TYPE = YES_ERROR;
				GCC_WARN_UNDECLARED_SELECTOR = YES;
				GCC_WARN_UNINITIALIZED_AUTOS = YES_AGGRESSIVE;
				GCC_WARN_UNUSED_FUNCTION = YES;
				GCC_WARN_UNUSED_VARIABLE = YES;
				IPHONEOS_DEPLOYMENT_TARGET = 8.4;
				MTL_ENABLE_DEBUG_INFO = NO;
				SDKROOT = iphoneos;
				VALIDATE_PRODUCT = YES;
			};
			name = Release;
		};
		450ED15A1B86171D00519C0C /* Debug */ = {
			isa = XCBuildConfiguration;
			baseConfigurationReference = 687AA2AF34C3769D2D53ED3A /* Pods.debug.xcconfig */;
			buildSettings = {
				ASSETCATALOG_COMPILER_APPICON_NAME = AppIcon;
				GCC_PREFIX_HEADER = "$(SRCROOT)//ShooIM/classes/Other/SAMPrefixHeader.pch";
				INFOPLIST_FILE = ShooIM/Info.plist;
				IPHONEOS_DEPLOYMENT_TARGET = 7.0;
				LD_RUNPATH_SEARCH_PATHS = "$(inherited) @executable_path/Frameworks";
				PRODUCT_NAME = "$(TARGET_NAME)";
			};
			name = Debug;
		};
		450ED15B1B86171D00519C0C /* Release */ = {
			isa = XCBuildConfiguration;
			baseConfigurationReference = F78B3D547032E4659E7F97B6 /* Pods.release.xcconfig */;
			buildSettings = {
				ASSETCATALOG_COMPILER_APPICON_NAME = AppIcon;
				GCC_PREFIX_HEADER = "$(SRCROOT)//ShooIM/classes/Other/SAMPrefixHeader.pch";
				INFOPLIST_FILE = ShooIM/Info.plist;
				IPHONEOS_DEPLOYMENT_TARGET = 7.0;
				LD_RUNPATH_SEARCH_PATHS = "$(inherited) @executable_path/Frameworks";
				PRODUCT_NAME = "$(TARGET_NAME)";
			};
			name = Release;
		};
		450ED15D1B86171D00519C0C /* Debug */ = {
			isa = XCBuildConfiguration;
			buildSettings = {
				BUNDLE_LOADER = "$(TEST_HOST)";
				FRAMEWORK_SEARCH_PATHS = (
					"$(SDKROOT)/Developer/Library/Frameworks",
					"$(inherited)",
				);
				GCC_PREPROCESSOR_DEFINITIONS = (
					"DEBUG=1",
					"$(inherited)",
				);
				INFOPLIST_FILE = ShooIMTests/Info.plist;
				LD_RUNPATH_SEARCH_PATHS = "$(inherited) @executable_path/Frameworks @loader_path/Frameworks";
				PRODUCT_NAME = "$(TARGET_NAME)";
				TEST_HOST = "$(BUILT_PRODUCTS_DIR)/ShooIM.app/ShooIM";
			};
			name = Debug;
		};
		450ED15E1B86171D00519C0C /* Release */ = {
			isa = XCBuildConfiguration;
			buildSettings = {
				BUNDLE_LOADER = "$(TEST_HOST)";
				FRAMEWORK_SEARCH_PATHS = (
					"$(SDKROOT)/Developer/Library/Frameworks",
					"$(inherited)",
				);
				INFOPLIST_FILE = ShooIMTests/Info.plist;
				LD_RUNPATH_SEARCH_PATHS = "$(inherited) @executable_path/Frameworks @loader_path/Frameworks";
				PRODUCT_NAME = "$(TARGET_NAME)";
				TEST_HOST = "$(BUILT_PRODUCTS_DIR)/ShooIM.app/ShooIM";
			};
			name = Release;
		};
/* End XCBuildConfiguration section */

/* Begin XCConfigurationList section */
		450ED1311B86171D00519C0C /* Build configuration list for PBXProject "ShooIM" */ = {
			isa = XCConfigurationList;
			buildConfigurations = (
				450ED1571B86171D00519C0C /* Debug */,
				450ED1581B86171D00519C0C /* Release */,
			);
			defaultConfigurationIsVisible = 0;
			defaultConfigurationName = Release;
		};
		450ED1591B86171D00519C0C /* Build configuration list for PBXNativeTarget "ShooIM" */ = {
			isa = XCConfigurationList;
			buildConfigurations = (
				450ED15A1B86171D00519C0C /* Debug */,
				450ED15B1B86171D00519C0C /* Release */,
			);
			defaultConfigurationIsVisible = 0;
			defaultConfigurationName = Release;
		};
		450ED15C1B86171D00519C0C /* Build configuration list for PBXNativeTarget "ShooIMTests" */ = {
			isa = XCConfigurationList;
			buildConfigurations = (
				450ED15D1B86171D00519C0C /* Debug */,
				450ED15E1B86171D00519C0C /* Release */,
			);
			defaultConfigurationIsVisible = 0;
			defaultConfigurationName = Release;
		};
/* End XCConfigurationList section */
	};
	rootObject = 450ED12E1B86171D00519C0C /* Project object */;
}
